<?xml version="1.0" encoding="UTF-8" standalone="yes" ?>
<CodeBlocks_project_file>
	<FileVersion major="1" minor="6" />
	<Project>
		<Option title="Launcher Cube Conflict" />
		<Option pch_mode="2" />
		<Option compiler="gcc" />
		<Build>
			<Target title="Release">
				<Option output="../Cube Conflict" prefix_auto="1" extension_auto="1" />
				<Option object_output="obj/Release/" />
				<Option type="0" />
				<Option compiler="gcc" />
				<Option projectLinkerOptionsRelation="2" />
				<Compiler>
					<Add option="-Os" />
					<Add directory="C:/wxWidgets-2.8.12/lib/gcc_lib/mswu" />
				</Compiler>
				<ResourceCompiler>
					<Add directory="C:/wxWidgets-2.8.12/lib/gcc_lib/mswu" />
				</ResourceCompiler>
				<Linker>
					<Add option="-s" />
					<Add library="libwxmsw28u_core.a" />
					<Add library="libwxbase28u.a" />
					<Add library="libcomctl32.a" />
					<Add library="libole32.a" />
					<Add library="liboleaut32.a" />
					<Add library="libuuid.a" />
					<Add library="libwinspool.a" />
					<Add library="libwxpng.a" />
					<Add library="libwxpngd.a" />
					<Add library="libwxzlib.a" />
					<Add directory="C:/wxWidgets-2.8.12/lib/gcc_lib" />
				</Linker>
			</Target>
		</Build>
		<Compiler>
			<Add option="-pipe" />
			<Add option="-mthreads" />
			<Add option="-D__GNUWIN32__" />
			<Add option="-D__WXMSW__" />
			<Add option="-DwxUSE_UNICODE" />
			<Add directory="C:/wxWidgets-2.8.12/include" />
		</Compiler>
		<ResourceCompiler>
			<Add directory="C:/wxWidgets-2.8.12/include" />
		</ResourceCompiler>
		<Linker>
			<Add option="-static" />
			<Add option="-static-libgcc" />
			<Add option="-mthreads" />
		</Linker>
		<Unit filename="LC_App.cpp" />
		<Unit filename="LC_App.h" />
		<Unit filename="LC_Main.cpp" />
		<Unit filename="LC_Main.h" />
		<Unit filename="resource.rc">
			<Option compilerVar="WINDRES" />
		</Unit>
		<Extensions>
			<code_completion />
			<envvars />
			<debugger />
			<lib_finder disable_auto="1" />
		</Extensions>
	</Project>
</CodeBlocks_project_file>
